{
  "nodes": {
    "environments": {
      "inputs": {
        "nixpkgs": [
          "nixpkgs"
        ],
        "rust-overlay": "rust-overlay"
      },
      "locked": {
        "dir": "src",
        "lastModified": 1774373988,
        "narHash": "sha256-AAo3v+caoGOVqWXByhMGE8PZLd+AdXLUG3+kBRfIzGI=",
        "owner": "tymbalodeon",
        "repo": "environments",
        "rev": "4b31536d2cdbef2e13f2d825841b09ee7c532b2e",
        "type": "github"
      },
      "original": {
        "dir": "src",
        "owner": "tymbalodeon",
        "ref": "trunk",
        "repo": "environments",
        "type": "github"
      }
    },
    "nixpkgs": {
      "locked": {
        "lastModified": 1744536153,
        "narHash": "sha256-awS2zRgF4uTwrOKwwiJcByDzDOdo3Q1rPZbiHQg/N38=",
        "owner": "NixOS",
        "repo": "nixpkgs",
        "rev": "18dd725c29603f582cf1900e0d25f9f1063dbf11",
        "type": "github"
      },
      "original": {
        "owner": "NixOS",
        "ref": "nixpkgs-unstable",
        "repo": "nixpkgs",
        "type": "github"
      }
    },
    "nixpkgs_2": {
      "locked": {
        "lastModified": 1774386573,
        "narHash": "sha256-4hAV26quOxdC6iyG7kYaZcM3VOskcPUrdCQd/nx8obc=",
        "owner": "nixos",
        "repo": "nixpkgs",
        "rev": "46db2e09e1d3f113a13c0d7b81e2f221c63b8ce9",
        "type": "github"
      },
      "original": {
        "owner": "nixos",
        "ref": "nixos-unstable",
        "repo": "nixpkgs",
        "type": "github"
      }
    },
    "nutest": {
      "flake": false,
      "locked": {
        "lastModified": 1772288209,
        "narHash": "sha256-7hdaAHqxDU6HCGFl4UOJJzSEFrXJHXD7RLEau9tCK0A=",
        "owner": "vyadh",
        "repo": "nutest",
        "rev": "d56fdc632b96754153a014c021d65a6633fc5610",
        "type": "github"
      },
      "original": {
        "owner": "vyadh",
        "repo": "nutest",
        "type": "github"
      }
    },
    "root": {
      "inputs": {
        "environments": "environments",
        "nixpkgs": "nixpkgs_2",
        "nutest": "nutest",
        "systems": "systems"
      }
    },
    "rust-overlay": {
      "inputs": {
        "nixpkgs": "nixpkgs"
      },
      "locked": {
        "lastModified": 1774581174,
        "narHash": "sha256-258qgkMkYPkJ9qpIg63Wk8GoIbVjszkGGPU1wbVHYTk=",
        "owner": "oxalica",
        "repo": "rust-overlay",
        "rev": "a313afc75b85fc77ac154bf0e62c36f68361fd0b",
        "type": "github"
      },
      "original": {
        "owner": "oxalica",
        "repo": "rust-overlay",
        "type": "github"
      }
    },
    "systems": {
      "locked": {
        "lastModified": 1681028828,
        "narHash": "sha256-Vy1rq5AaRuLzOxct8nz4T6wlgyUR7zLU309k9mBC768=",
        "owner": "nix-systems",
        "repo": "default",
        "rev": "da67096a3b9bf56a91d16901293e51ba5b49a27e",
        "type": "github"
      },
      "original": {
        "owner": "nix-systems",
        "repo": "default",
        "type": "github"
      }
    }
  },
  "root": "root",
  "version": 7
}
