{
  "nodes": {
    "environments": {
      "inputs": {
        "nixpkgs": [
          "nixpkgs"
        ],
        "rust-overlay": "rust-overlay"
      },
      "locked": {
        "dir": "src",
        "lastModified": 1770392477,
        "narHash": "sha256-FJtD5gHABlal1Hsex/LRohmNu/pqf+c1+a2V2jzZYMc=",
        "owner": "tymbalodeon",
        "repo": "environments",
        "rev": "6a3c718a8ae65d0a8ec6c9ad1737cc0c95123eb0",
        "type": "github"
      },
      "original": {
        "dir": "src",
        "owner": "tymbalodeon",
        "ref": "trunk",
        "repo": "environments",
        "type": "github"
      }
    },
    "nixpkgs": {
      "locked": {
        "lastModified": 1744536153,
        "narHash": "sha256-awS2zRgF4uTwrOKwwiJcByDzDOdo3Q1rPZbiHQg/N38=",
        "owner": "NixOS",
        "repo": "nixpkgs",
        "rev": "18dd725c29603f582cf1900e0d25f9f1063dbf11",
        "type": "github"
      },
      "original": {
        "owner": "NixOS",
        "ref": "nixpkgs-unstable",
        "repo": "nixpkgs",
        "type": "github"
      }
    },
    "nixpkgs_2": {
      "locked": {
        "lastModified": 1770197578,
        "narHash": "sha256-AYqlWrX09+HvGs8zM6ebZ1pwUqjkfpnv8mewYwAo+iM=",
        "owner": "nixos",
        "repo": "nixpkgs",
        "rev": "00c21e4c93d963c50d4c0c89bfa84ed6e0694df2",
        "type": "github"
      },
      "original": {
        "owner": "nixos",
        "ref": "nixos-unstable",
        "repo": "nixpkgs",
        "type": "github"
      }
    },
    "nutest": {
      "flake": false,
      "locked": {
        "lastModified": 1768939981,
        "narHash": "sha256-o0W8JcPN5LJRejXBxPpAoWZ2uH2jxMLhtuL+CEZDqks=",
        "owner": "vyadh",
        "repo": "nutest",
        "rev": "3227026ccbbf3b71d7ab3a597e4507ef66947882",
        "type": "github"
      },
      "original": {
        "owner": "vyadh",
        "repo": "nutest",
        "type": "github"
      }
    },
    "root": {
      "inputs": {
        "environments": "environments",
        "nixpkgs": "nixpkgs_2",
        "nutest": "nutest",
        "systems": "systems"
      }
    },
    "rust-overlay": {
      "inputs": {
        "nixpkgs": "nixpkgs"
      },
      "locked": {
        "lastModified": 1770520253,
        "narHash": "sha256-6rWuHgSENXKnC6HGGAdRolQrnp/8IzscDn7FQEo1uEQ=",
        "owner": "oxalica",
        "repo": "rust-overlay",
        "rev": "ebb8a141f60bb0ec33836333e0ca7928a072217f",
        "type": "github"
      },
      "original": {
        "owner": "oxalica",
        "repo": "rust-overlay",
        "type": "github"
      }
    },
    "systems": {
      "locked": {
        "lastModified": 1681028828,
        "narHash": "sha256-Vy1rq5AaRuLzOxct8nz4T6wlgyUR7zLU309k9mBC768=",
        "owner": "nix-systems",
        "repo": "default",
        "rev": "da67096a3b9bf56a91d16901293e51ba5b49a27e",
        "type": "github"
      },
      "original": {
        "owner": "nix-systems",
        "repo": "default",
        "type": "github"
      }
    }
  },
  "root": "root",
  "version": 7
}
