{
  "nodes": {
    "nixpkgs": {
      "locked": {
        "lastModified": 1744098102,
        "narHash": "sha256-tzCdyIJj9AjysC3OuKA+tMD/kDEDAF9mICPDU7ix0JA=",
        "owner": "nixos",
        "repo": "nixpkgs",
        "rev": "c8cd81426f45942bb2906d5ed2fe21d2f19d95b7",
        "type": "github"
      },
      "original": {
        "owner": "nixos",
        "ref": "nixos-unstable",
        "repo": "nixpkgs",
        "type": "github"
      }
    },
    "nutest": {
      "flake": false,
      "locked": {
        "lastModified": 1739469972,
        "narHash": "sha256-lGV2TRJvZnXdPTFau3nB4bWNlMacPm0YYo6HXRHloE0=",
        "owner": "vyadh",
        "repo": "nutest",
        "rev": "d19774c07482268f77f050480f1220c1155a8286",
        "type": "github"
      },
      "original": {
        "owner": "vyadh",
        "repo": "nutest",
        "type": "github"
      }
    },
    "root": {
      "inputs": {
        "nixpkgs": "nixpkgs",
        "nutest": "nutest"
      }
    }
  },
  "root": "root",
  "version": 7
}
